{
  "name": "auralis-source-foundation",
  "version": "0.14.1",
  "lockfileVersion": 3,
  "requires": true,
  "packages": {
    "": {
      "name": "auralis-source-foundation",
      "version": "0.14.1",
      "workspaces": [
        "apps/*",
        "packages/*"
      ],
      "engines": {
        "bun": ">=1.2",
        "node": ">=22"
      }
    },
    "apps/web": {
      "name": "@auralis/web",
      "version": "0.14.1",
      "devDependencies": {
        "typescript": "5.9.3"
      }
    },
    "node_modules/@auralis/contracts": {
      "resolved": "packages/contracts",
      "link": true
    },
    "node_modules/@auralis/web": {
      "resolved": "apps/web",
      "link": true
    },
    "node_modules/typescript": {
      "version": "5.9.3",
      "resolved": "https://registry.npmjs.org/typescript/-/typescript-5.9.3.tgz",
      "integrity": "sha512-jl1vZzPDinLr9eUt3J/t7V6FgNEw9QjvBPdysz9KfQDD41fQrC2Y4vKQdiaUpFT4bXlb1RHhLpp8wtm6M5TgSw==",
      "dev": true,
      "license": "Apache-2.0",
      "bin": {
        "tsc": "bin/tsc",
        "tsserver": "bin/tsserver"
      },
      "engines": {
        "node": ">=14.17"
      }
    },
    "packages/contracts": {
      "name": "@auralis/contracts",
      "version": "0.14.1"
    }
  }
}
